
Microsoft Visual Studio Solution File, Format Version 12.00
# Visual Studio 2012
Project("{FAE04EC0-301F-11D3-BF4B-00C04F79EFBC}") = "VXGMediaPlayerSampleApp", "VXGMediaPlayerSampleApp\VXGMediaPlayerSampleApp.csproj", "{E322FA61-65A1-4540-AA11-FC99CD499592}"
EndProject
Project("{FAE04EC0-301F-11D3-BF4B-00C04F79EFBC}") = "MediaPlayerSDK", "MediaPlayerSDK\MediaPlayerSDK.csproj", "{2182E964-6B28-41EC-BEEF-AA1ED5C7A00F}"
EndProject
Global
	GlobalSection(SolutionConfigurationPlatforms) = preSolution
		Debug|Any CPU = Debug|Any CPU
		Release|Any CPU = Release|Any CPU
		Debug|iPhoneSimulator = Debug|iPhoneSimulator
		Release|iPhone = Release|iPhone
		Release|iPhoneSimulator = Release|iPhoneSimulator
		Debug|iPhone = Debug|iPhone
	EndGlobalSection
	GlobalSection(ProjectConfigurationPlatforms) = postSolution
		{E322FA61-65A1-4540-AA11-FC99CD499592}.Debug|Any CPU.ActiveCfg = Debug|iPhoneSimulator
		{E322FA61-65A1-4540-AA11-FC99CD499592}.Debug|Any CPU.Build.0 = Debug|iPhoneSimulator
		{E322FA61-65A1-4540-AA11-FC99CD499592}.Release|Any CPU.ActiveCfg = Release|iPhone
		{E322FA61-65A1-4540-AA11-FC99CD499592}.Release|Any CPU.Build.0 = Release|iPhone
		{E322FA61-65A1-4540-AA11-FC99CD499592}.Debug|iPhoneSimulator.ActiveCfg = Debug|iPhoneSimulator
		{E322FA61-65A1-4540-AA11-FC99CD499592}.Debug|iPhoneSimulator.Build.0 = Debug|iPhoneSimulator
		{E322FA61-65A1-4540-AA11-FC99CD499592}.Release|iPhone.ActiveCfg = Release|iPhone
		{E322FA61-65A1-4540-AA11-FC99CD499592}.Release|iPhone.Build.0 = Release|iPhone
		{E322FA61-65A1-4540-AA11-FC99CD499592}.Release|iPhoneSimulator.ActiveCfg = Release|iPhoneSimulator
		{E322FA61-65A1-4540-AA11-FC99CD499592}.Release|iPhoneSimulator.Build.0 = Release|iPhoneSimulator
		{E322FA61-65A1-4540-AA11-FC99CD499592}.Debug|iPhone.ActiveCfg = Debug|iPhone
		{E322FA61-65A1-4540-AA11-FC99CD499592}.Debug|iPhone.Build.0 = Debug|iPhone
		{2182E964-6B28-41EC-BEEF-AA1ED5C7A00F}.Debug|Any CPU.ActiveCfg = Debug|Any CPU
		{2182E964-6B28-41EC-BEEF-AA1ED5C7A00F}.Debug|Any CPU.Build.0 = Debug|Any CPU
		{2182E964-6B28-41EC-BEEF-AA1ED5C7A00F}.Release|Any CPU.ActiveCfg = Release|Any CPU
		{2182E964-6B28-41EC-BEEF-AA1ED5C7A00F}.Release|Any CPU.Build.0 = Release|Any CPU
		{2182E964-6B28-41EC-BEEF-AA1ED5C7A00F}.Debug|iPhoneSimulator.ActiveCfg = Debug|Any CPU
		{2182E964-6B28-41EC-BEEF-AA1ED5C7A00F}.Debug|iPhoneSimulator.Build.0 = Debug|Any CPU
		{2182E964-6B28-41EC-BEEF-AA1ED5C7A00F}.Release|iPhone.ActiveCfg = Release|Any CPU
		{2182E964-6B28-41EC-BEEF-AA1ED5C7A00F}.Release|iPhone.Build.0 = Release|Any CPU
		{2182E964-6B28-41EC-BEEF-AA1ED5C7A00F}.Release|iPhoneSimulator.ActiveCfg = Release|Any CPU
		{2182E964-6B28-41EC-BEEF-AA1ED5C7A00F}.Release|iPhoneSimulator.Build.0 = Release|Any CPU
		{2182E964-6B28-41EC-BEEF-AA1ED5C7A00F}.Debug|iPhone.ActiveCfg = Debug|Any CPU
		{2182E964-6B28-41EC-BEEF-AA1ED5C7A00F}.Debug|iPhone.Build.0 = Debug|Any CPU
	EndGlobalSection
EndGlobal
