// !$*UTF8*$!
{
	archiveVersion = 1;
	classes = {
	};
	objectVersion = 46;
	objects = {

/* Begin PBXBuildFile section */
		CE76773F1F615BAD008BC3CC /* AppDelegate.swift in Sources */ = {isa = PBXBuildFile; fileRef = CE76773E1F615BAD008BC3CC /* AppDelegate.swift */; };
		CE7677411F615BAD008BC3CC /* ViewController.swift in Sources */ = {isa = PBXBuildFile; fileRef = CE7677401F615BAD008BC3CC /* ViewController.swift */; };
		CE7677441F615BAD008BC3CC /* Main.storyboard in Resources */ = {isa = PBXBuildFile; fileRef = CE7677421F615BAD008BC3CC /* Main.storyboard */; };
		CE7677471F615BAD008BC3CC /* MediaPlayerSDKTest_swift.xcdatamodeld in Sources */ = {isa = PBXBuildFile; fileRef = CE7677451F615BAD008BC3CC /* MediaPlayerSDKTest_swift.xcdatamodeld */; };
		CE7677491F615BAD008BC3CC /* Assets.xcassets in Resources */ = {isa = PBXBuildFile; fileRef = CE7677481F615BAD008BC3CC /* Assets.xcassets */; };
		CE76774C1F615BAD008BC3CC /* LaunchScreen.storyboard in Resources */ = {isa = PBXBuildFile; fileRef = CE76774A1F615BAD008BC3CC /* LaunchScreen.storyboard */; };
		CE7677591F615D0E008BC3CC /* libMediaPlayerSDK.a in Frameworks */ = {isa = PBXBuildFile; fileRef = CE7677581F615D0E008BC3CC /* libMediaPlayerSDK.a */; };
		CE7677661F6166BB008BC3CC /* libiconv.tbd in Frameworks */ = {isa = PBXBuildFile; fileRef = CE7677651F6166BB008BC3CC /* libiconv.tbd */; };
		CE7677681F6166C1008BC3CC /* libbz2.tbd in Frameworks */ = {isa = PBXBuildFile; fileRef = CE7677671F6166C1008BC3CC /* libbz2.tbd */; };
		CE76776A1F6166C6008BC3CC /* libz.tbd in Frameworks */ = {isa = PBXBuildFile; fileRef = CE7677691F6166C6008BC3CC /* libz.tbd */; };
		CE76776C1F6166DB008BC3CC /* CoreVideo.framework in Frameworks */ = {isa = PBXBuildFile; fileRef = CE76776B1F6166DB008BC3CC /* CoreVideo.framework */; };
		CE76776E1F6166E1008BC3CC /* CoreAudio.framework in Frameworks */ = {isa = PBXBuildFile; fileRef = CE76776D1F6166E1008BC3CC /* CoreAudio.framework */; };
		CE7677701F6166EC008BC3CC /* VideoToolbox.framework in Frameworks */ = {isa = PBXBuildFile; fileRef = CE76776F1F6166EC008BC3CC /* VideoToolbox.framework */; };
		CE7677721F6166F3008BC3CC /* AudioToolbox.framework in Frameworks */ = {isa = PBXBuildFile; fileRef = CE7677711F6166F3008BC3CC /* AudioToolbox.framework */; };
		CE7677741F616706008BC3CC /* AVFoundation.framework in Frameworks */ = {isa = PBXBuildFile; fileRef = CE7677731F616706008BC3CC /* AVFoundation.framework */; };
		CEBDF36A22804BF700F2E15D /* license in Resources */ = {isa = PBXBuildFile; fileRef = CE27E09320A1B444004D988D /* license */; };
		CEBDF36E22806AD900F2E15D /* libc.tbd in Frameworks */ = {isa = PBXBuildFile; fileRef = CEBDF36D22806AD900F2E15D /* libc.tbd */; };
		CEBDF37122806B5E00F2E15D /* ffmpeg.framework in Frameworks */ = {isa = PBXBuildFile; fileRef = CEBDF37022806B5E00F2E15D /* ffmpeg.framework */; };
		CEBDF37222806B6400F2E15D /* ffmpeg.framework in Embed Frameworks */ = {isa = PBXBuildFile; fileRef = CEBDF37022806B5E00F2E15D /* ffmpeg.framework */; settings = {ATTRIBUTES = (CodeSignOnCopy, RemoveHeadersOnCopy, ); }; };
		CEBDF37422806B8700F2E15D /* libc++.tbd in Frameworks */ = {isa = PBXBuildFile; fileRef = CEBDF37322806B8600F2E15D /* libc++.tbd */; };
/* End PBXBuildFile section */

/* Begin PBXCopyFilesBuildPhase section */
		CE7677641F615FA7008BC3CC /* Embed Frameworks */ = {
			isa = PBXCopyFilesBuildPhase;
			buildActionMask = 2147483647;
			dstPath = "";
			dstSubfolderSpec = 10;
			files = (
				CEBDF37222806B6400F2E15D /* ffmpeg.framework in Embed Frameworks */,
			);
			name = "Embed Frameworks";
			runOnlyForDeploymentPostprocessing = 0;
		};
/* End PBXCopyFilesBuildPhase section */

/* Begin PBXFileReference section */
		CE27E09320A1B444004D988D /* license */ = {isa = PBXFileReference; lastKnownFileType = text; path = license; sourceTree = "<group>"; };
		CE76773B1F615BAC008BC3CC /* MediaPlayerSDKTest.swift.app */ = {isa = PBXFileReference; explicitFileType = wrapper.application; includeInIndex = 0; path = MediaPlayerSDKTest.swift.app; sourceTree = BUILT_PRODUCTS_DIR; };
		CE76773E1F615BAD008BC3CC /* AppDelegate.swift */ = {isa = PBXFileReference; lastKnownFileType = sourcecode.swift; path = AppDelegate.swift; sourceTree = "<group>"; };
		CE7677401F615BAD008BC3CC /* ViewController.swift */ = {isa = PBXFileReference; lastKnownFileType = sourcecode.swift; path = ViewController.swift; sourceTree = "<group>"; };
		CE7677431F615BAD008BC3CC /* Base */ = {isa = PBXFileReference; lastKnownFileType = file.storyboard; name = Base; path = Base.lproj/Main.storyboard; sourceTree = "<group>"; };
		CE7677461F615BAD008BC3CC /* MediaPlayerSDKTest_swift.xcdatamodel */ = {isa = PBXFileReference; lastKnownFileType = wrapper.xcdatamodel; path = MediaPlayerSDKTest_swift.xcdatamodel; sourceTree = "<group>"; };
		CE7677481F615BAD008BC3CC /* Assets.xcassets */ = {isa = PBXFileReference; lastKnownFileType = folder.assetcatalog; path = Assets.xcassets; sourceTree = "<group>"; };
		CE76774B1F615BAD008BC3CC /* Base */ = {isa = PBXFileReference; lastKnownFileType = file.storyboard; name = Base; path = Base.lproj/LaunchScreen.storyboard; sourceTree = "<group>"; };
		CE76774D1F615BAD008BC3CC /* Info.plist */ = {isa = PBXFileReference; lastKnownFileType = text.plist.xml; path = Info.plist; sourceTree = "<group>"; };
		CE7677581F615D0E008BC3CC /* libMediaPlayerSDK.a */ = {isa = PBXFileReference; lastKnownFileType = archive.ar; name = libMediaPlayerSDK.a; path = ../../lib/shared.ffmpeg/libMediaPlayerSDK.a; sourceTree = "<group>"; };
		CE76775C1F615E9C008BC3CC /* M3U8.h */ = {isa = PBXFileReference; fileEncoding = 4; lastKnownFileType = sourcecode.c.h; path = M3U8.h; sourceTree = "<group>"; };
		CE76775D1F615E9C008BC3CC /* MediaPlayer.h */ = {isa = PBXFileReference; fileEncoding = 4; lastKnownFileType = sourcecode.c.h; path = MediaPlayer.h; sourceTree = "<group>"; };
		CE76775E1F615E9C008BC3CC /* MediaPlayerConfig.h */ = {isa = PBXFileReference; fileEncoding = 4; lastKnownFileType = sourcecode.c.h; path = MediaPlayerConfig.h; sourceTree = "<group>"; };
		CE76775F1F615E9C008BC3CC /* Thumbnailer.h */ = {isa = PBXFileReference; fileEncoding = 4; lastKnownFileType = sourcecode.c.h; path = Thumbnailer.h; sourceTree = "<group>"; };
		CE7677601F615E9C008BC3CC /* ThumbnailerConfig.h */ = {isa = PBXFileReference; fileEncoding = 4; lastKnownFileType = sourcecode.c.h; path = ThumbnailerConfig.h; sourceTree = "<group>"; };
		CE7677611F615F28008BC3CC /* Bridge-header.h */ = {isa = PBXFileReference; lastKnownFileType = sourcecode.c.h; path = "Bridge-header.h"; sourceTree = "<group>"; };
		CE7677651F6166BB008BC3CC /* libiconv.tbd */ = {isa = PBXFileReference; lastKnownFileType = "sourcecode.text-based-dylib-definition"; name = libiconv.tbd; path = usr/lib/libiconv.tbd; sourceTree = SDKROOT; };
		CE7677671F6166C1008BC3CC /* libbz2.tbd */ = {isa = PBXFileReference; lastKnownFileType = "sourcecode.text-based-dylib-definition"; name = libbz2.tbd; path = usr/lib/libbz2.tbd; sourceTree = SDKROOT; };
		CE7677691F6166C6008BC3CC /* libz.tbd */ = {isa = PBXFileReference; lastKnownFileType = "sourcecode.text-based-dylib-definition"; name = libz.tbd; path = usr/lib/libz.tbd; sourceTree = SDKROOT; };
		CE76776B1F6166DB008BC3CC /* CoreVideo.framework */ = {isa = PBXFileReference; lastKnownFileType = wrapper.framework; name = CoreVideo.framework; path = System/Library/Frameworks/CoreVideo.framework; sourceTree = SDKROOT; };
		CE76776D1F6166E1008BC3CC /* CoreAudio.framework */ = {isa = PBXFileReference; lastKnownFileType = wrapper.framework; name = CoreAudio.framework; path = System/Library/Frameworks/CoreAudio.framework; sourceTree = SDKROOT; };
		CE76776F1F6166EC008BC3CC /* VideoToolbox.framework */ = {isa = PBXFileReference; lastKnownFileType = wrapper.framework; name = VideoToolbox.framework; path = System/Library/Frameworks/VideoToolbox.framework; sourceTree = SDKROOT; };
		CE7677711F6166F3008BC3CC /* AudioToolbox.framework */ = {isa = PBXFileReference; lastKnownFileType = wrapper.framework; name = AudioToolbox.framework; path = System/Library/Frameworks/AudioToolbox.framework; sourceTree = SDKROOT; };
		CE7677731F616706008BC3CC /* AVFoundation.framework */ = {isa = PBXFileReference; lastKnownFileType = wrapper.framework; name = AVFoundation.framework; path = System/Library/Frameworks/AVFoundation.framework; sourceTree = SDKROOT; };
		CEBDF36D22806AD900F2E15D /* libc.tbd */ = {isa = PBXFileReference; lastKnownFileType = "sourcecode.text-based-dylib-definition"; name = libc.tbd; path = usr/lib/libc.tbd; sourceTree = SDKROOT; };
		CEBDF37022806B5E00F2E15D /* ffmpeg.framework */ = {isa = PBXFileReference; lastKnownFileType = wrapper.framework; name = ffmpeg.framework; path = ../../../Frameworks/ffmpeg/applestore/ffmpeg.framework; sourceTree = "<group>"; };
		CEBDF37322806B8600F2E15D /* libc++.tbd */ = {isa = PBXFileReference; lastKnownFileType = "sourcecode.text-based-dylib-definition"; name = "libc++.tbd"; path = "usr/lib/libc++.tbd"; sourceTree = SDKROOT; };
/* End PBXFileReference section */

/* Begin PBXFrameworksBuildPhase section */
		CE7677381F615BAC008BC3CC /* Frameworks */ = {
			isa = PBXFrameworksBuildPhase;
			buildActionMask = 2147483647;
			files = (
				CEBDF37122806B5E00F2E15D /* ffmpeg.framework in Frameworks */,
				CE7677741F616706008BC3CC /* AVFoundation.framework in Frameworks */,
				CE7677721F6166F3008BC3CC /* AudioToolbox.framework in Frameworks */,
				CE7677701F6166EC008BC3CC /* VideoToolbox.framework in Frameworks */,
				CE76776E1F6166E1008BC3CC /* CoreAudio.framework in Frameworks */,
				CE76776C1F6166DB008BC3CC /* CoreVideo.framework in Frameworks */,
				CE76776A1F6166C6008BC3CC /* libz.tbd in Frameworks */,
				CE7677681F6166C1008BC3CC /* libbz2.tbd in Frameworks */,
				CE7677661F6166BB008BC3CC /* libiconv.tbd in Frameworks */,
				CE7677591F615D0E008BC3CC /* libMediaPlayerSDK.a in Frameworks */,
				CEBDF36E22806AD900F2E15D /* libc.tbd in Frameworks */,
				CEBDF37422806B8700F2E15D /* libc++.tbd in Frameworks */,
			);
			runOnlyForDeploymentPostprocessing = 0;
		};
/* End PBXFrameworksBuildPhase section */

/* Begin PBXGroup section */
		CE7677321F615BAC008BC3CC = {
			isa = PBXGroup;
			children = (
				CE27E09320A1B444004D988D /* license */,
				CE7677611F615F28008BC3CC /* Bridge-header.h */,
				CE76775B1F615E9C008BC3CC /* include */,
				CE76773D1F615BAC008BC3CC /* MediaPlayerSDKTest.swift */,
				CE76773C1F615BAC008BC3CC /* Products */,
				CE7677531F615CEF008BC3CC /* Frameworks */,
			);
			sourceTree = "<group>";
		};
		CE76773C1F615BAC008BC3CC /* Products */ = {
			isa = PBXGroup;
			children = (
				CE76773B1F615BAC008BC3CC /* MediaPlayerSDKTest.swift.app */,
			);
			name = Products;
			sourceTree = "<group>";
		};
		CE76773D1F615BAC008BC3CC /* MediaPlayerSDKTest.swift */ = {
			isa = PBXGroup;
			children = (
				CE76773E1F615BAD008BC3CC /* AppDelegate.swift */,
				CE7677401F615BAD008BC3CC /* ViewController.swift */,
				CE7677421F615BAD008BC3CC /* Main.storyboard */,
				CE7677481F615BAD008BC3CC /* Assets.xcassets */,
				CE76774A1F615BAD008BC3CC /* LaunchScreen.storyboard */,
				CE76774D1F615BAD008BC3CC /* Info.plist */,
				CE7677451F615BAD008BC3CC /* MediaPlayerSDKTest_swift.xcdatamodeld */,
			);
			path = MediaPlayerSDKTest.swift;
			sourceTree = "<group>";
		};
		CE7677531F615CEF008BC3CC /* Frameworks */ = {
			isa = PBXGroup;
			children = (
				CEBDF37322806B8600F2E15D /* libc++.tbd */,
				CEBDF37022806B5E00F2E15D /* ffmpeg.framework */,
				CEBDF36D22806AD900F2E15D /* libc.tbd */,
				CE7677731F616706008BC3CC /* AVFoundation.framework */,
				CE7677711F6166F3008BC3CC /* AudioToolbox.framework */,
				CE76776F1F6166EC008BC3CC /* VideoToolbox.framework */,
				CE76776D1F6166E1008BC3CC /* CoreAudio.framework */,
				CE76776B1F6166DB008BC3CC /* CoreVideo.framework */,
				CE7677691F6166C6008BC3CC /* libz.tbd */,
				CE7677671F6166C1008BC3CC /* libbz2.tbd */,
				CE7677651F6166BB008BC3CC /* libiconv.tbd */,
				CE7677581F615D0E008BC3CC /* libMediaPlayerSDK.a */,
			);
			name = Frameworks;
			sourceTree = "<group>";
		};
		CE76775B1F615E9C008BC3CC /* include */ = {
			isa = PBXGroup;
			children = (
				CE76775C1F615E9C008BC3CC /* M3U8.h */,
				CE76775D1F615E9C008BC3CC /* MediaPlayer.h */,
				CE76775E1F615E9C008BC3CC /* MediaPlayerConfig.h */,
				CE76775F1F615E9C008BC3CC /* Thumbnailer.h */,
				CE7677601F615E9C008BC3CC /* ThumbnailerConfig.h */,
			);
			name = include;
			path = ../../lib/include;
			sourceTree = "<group>";
		};
/* End PBXGroup section */

/* Begin PBXNativeTarget section */
		CE76773A1F615BAC008BC3CC /* MediaPlayerSDKTest.swift */ = {
			isa = PBXNativeTarget;
			buildConfigurationList = CE7677501F615BAD008BC3CC /* Build configuration list for PBXNativeTarget "MediaPlayerSDKTest.swift" */;
			buildPhases = (
				CE7677371F615BAC008BC3CC /* Sources */,
				CE7677381F615BAC008BC3CC /* Frameworks */,
				CE7677391F615BAC008BC3CC /* Resources */,
				CE7677641F615FA7008BC3CC /* Embed Frameworks */,
			);
			buildRules = (
			);
			dependencies = (
			);
			name = MediaPlayerSDKTest.swift;
			productName = MediaPlayerSDKTest.swift;
			productReference = CE76773B1F615BAC008BC3CC /* MediaPlayerSDKTest.swift.app */;
			productType = "com.apple.product-type.application";
		};
/* End PBXNativeTarget section */

/* Begin PBXProject section */
		CE7677331F615BAC008BC3CC /* Project object */ = {
			isa = PBXProject;
			attributes = {
				LastSwiftUpdateCheck = 0830;
				LastUpgradeCheck = 0830;
				ORGANIZATIONNAME = veg;
				TargetAttributes = {
					CE76773A1F615BAC008BC3CC = {
						CreatedOnToolsVersion = 8.3.3;
						DevelopmentTeam = 37TMES8PKP;
						ProvisioningStyle = Automatic;
					};
				};
			};
			buildConfigurationList = CE7677361F615BAC008BC3CC /* Build configuration list for PBXProject "MediaPlayerSDKTest.swift" */;
			compatibilityVersion = "Xcode 3.2";
			developmentRegion = English;
			hasScannedForEncodings = 0;
			knownRegions = (
				English,
				en,
				Base,
			);
			mainGroup = CE7677321F615BAC008BC3CC;
			productRefGroup = CE76773C1F615BAC008BC3CC /* Products */;
			projectDirPath = "";
			projectRoot = "";
			targets = (
				CE76773A1F615BAC008BC3CC /* MediaPlayerSDKTest.swift */,
			);
		};
/* End PBXProject section */

/* Begin PBXResourcesBuildPhase section */
		CE7677391F615BAC008BC3CC /* Resources */ = {
			isa = PBXResourcesBuildPhase;
			buildActionMask = 2147483647;
			files = (
				CEBDF36A22804BF700F2E15D /* license in Resources */,
				CE76774C1F615BAD008BC3CC /* LaunchScreen.storyboard in Resources */,
				CE7677491F615BAD008BC3CC /* Assets.xcassets in Resources */,
				CE7677441F615BAD008BC3CC /* Main.storyboard in Resources */,
			);
			runOnlyForDeploymentPostprocessing = 0;
		};
/* End PBXResourcesBuildPhase section */

/* Begin PBXSourcesBuildPhase section */
		CE7677371F615BAC008BC3CC /* Sources */ = {
			isa = PBXSourcesBuildPhase;
			buildActionMask = 2147483647;
			files = (
				CE7677411F615BAD008BC3CC /* ViewController.swift in Sources */,
				CE7677471F615BAD008BC3CC /* MediaPlayerSDKTest_swift.xcdatamodeld in Sources */,
				CE76773F1F615BAD008BC3CC /* AppDelegate.swift in Sources */,
			);
			runOnlyForDeploymentPostprocessing = 0;
		};
/* End PBXSourcesBuildPhase section */

/* Begin PBXVariantGroup section */
		CE7677421F615BAD008BC3CC /* Main.storyboard */ = {
			isa = PBXVariantGroup;
			children = (
				CE7677431F615BAD008BC3CC /* Base */,
			);
			name = Main.storyboard;
			sourceTree = "<group>";
		};
		CE76774A1F615BAD008BC3CC /* LaunchScreen.storyboard */ = {
			isa = PBXVariantGroup;
			children = (
				CE76774B1F615BAD008BC3CC /* Base */,
			);
			name = LaunchScreen.storyboard;
			sourceTree = "<group>";
		};
/* End PBXVariantGroup section */

/* Begin XCBuildConfiguration section */
		CE76774E1F615BAD008BC3CC /* Debug */ = {
			isa = XCBuildConfiguration;
			buildSettings = {
				ALWAYS_SEARCH_USER_PATHS = NO;
				CLANG_ANALYZER_NONNULL = YES;
				CLANG_ANALYZER_NUMBER_OBJECT_CONVERSION = YES_AGGRESSIVE;
				CLANG_CXX_LANGUAGE_STANDARD = "gnu++0x";
				CLANG_CXX_LIBRARY = "libc++";
				CLANG_ENABLE_MODULES = YES;
				CLANG_ENABLE_OBJC_ARC = YES;
				CLANG_WARN_BOOL_CONVERSION = YES;
				CLANG_WARN_CONSTANT_CONVERSION = YES;
				CLANG_WARN_DIRECT_OBJC_ISA_USAGE = YES_ERROR;
				CLANG_WARN_DOCUMENTATION_COMMENTS = YES;
				CLANG_WARN_EMPTY_BODY = YES;
				CLANG_WARN_ENUM_CONVERSION = YES;
				CLANG_WARN_INFINITE_RECURSION = YES;
				CLANG_WARN_INT_CONVERSION = YES;
				CLANG_WARN_OBJC_ROOT_CLASS = YES_ERROR;
				CLANG_WARN_SUSPICIOUS_MOVE = YES;
				CLANG_WARN_UNREACHABLE_CODE = YES;
				CLANG_WARN__DUPLICATE_METHOD_MATCH = YES;
				"CODE_SIGN_IDENTITY[sdk=iphoneos*]" = "iPhone Developer";
				COPY_PHASE_STRIP = NO;
				DEBUG_INFORMATION_FORMAT = dwarf;
				ENABLE_STRICT_OBJC_MSGSEND = YES;
				ENABLE_TESTABILITY = YES;
				GCC_C_LANGUAGE_STANDARD = gnu99;
				GCC_DYNAMIC_NO_PIC = NO;
				GCC_NO_COMMON_BLOCKS = YES;
				GCC_OPTIMIZATION_LEVEL = 0;
				GCC_PREPROCESSOR_DEFINITIONS = (
					"DEBUG=1",
					"$(inherited)",
				);
				GCC_WARN_64_TO_32_BIT_CONVERSION = YES;
				GCC_WARN_ABOUT_RETURN_TYPE = YES_ERROR;
				GCC_WARN_UNDECLARED_SELECTOR = YES;
				GCC_WARN_UNINITIALIZED_AUTOS = YES_AGGRESSIVE;
				GCC_WARN_UNUSED_FUNCTION = YES;
				GCC_WARN_UNUSED_VARIABLE = YES;
				IPHONEOS_DEPLOYMENT_TARGET = 9.3;
				MTL_ENABLE_DEBUG_INFO = YES;
				ONLY_ACTIVE_ARCH = YES;
				SDKROOT = iphoneos;
				SWIFT_ACTIVE_COMPILATION_CONDITIONS = DEBUG;
				SWIFT_OPTIMIZATION_LEVEL = "-Onone";
				TARGETED_DEVICE_FAMILY = "1,2";
			};
			name = Debug;
		};
		CE76774F1F615BAD008BC3CC /* Release */ = {
			isa = XCBuildConfiguration;
			buildSettings = {
				ALWAYS_SEARCH_USER_PATHS = NO;
				CLANG_ANALYZER_NONNULL = YES;
				CLANG_ANALYZER_NUMBER_OBJECT_CONVERSION = YES_AGGRESSIVE;
				CLANG_CXX_LANGUAGE_STANDARD = "gnu++0x";
				CLANG_CXX_LIBRARY = "libc++";
				CLANG_ENABLE_MODULES = YES;
				CLANG_ENABLE_OBJC_ARC = YES;
				CLANG_WARN_BOOL_CONVERSION = YES;
				CLANG_WARN_CONSTANT_CONVERSION = YES;
				CLANG_WARN_DIRECT_OBJC_ISA_USAGE = YES_ERROR;
				CLANG_WARN_DOCUMENTATION_COMMENTS = YES;
				CLANG_WARN_EMPTY_BODY = YES;
				CLANG_WARN_ENUM_CONVERSION = YES;
				CLANG_WARN_INFINITE_RECURSION = YES;
				CLANG_WARN_INT_CONVERSION = YES;
				CLANG_WARN_OBJC_ROOT_CLASS = YES_ERROR;
				CLANG_WARN_SUSPICIOUS_MOVE = YES;
				CLANG_WARN_UNREACHABLE_CODE = YES;
				CLANG_WARN__DUPLICATE_METHOD_MATCH = YES;
				"CODE_SIGN_IDENTITY[sdk=iphoneos*]" = "iPhone Developer";
				COPY_PHASE_STRIP = NO;
				DEBUG_INFORMATION_FORMAT = "dwarf-with-dsym";
				ENABLE_NS_ASSERTIONS = NO;
				ENABLE_STRICT_OBJC_MSGSEND = YES;
				GCC_C_LANGUAGE_STANDARD = gnu99;
				GCC_NO_COMMON_BLOCKS = YES;
				GCC_WARN_64_TO_32_BIT_CONVERSION = YES;
				GCC_WARN_ABOUT_RETURN_TYPE = YES_ERROR;
				GCC_WARN_UNDECLARED_SELECTOR = YES;
				GCC_WARN_UNINITIALIZED_AUTOS = YES_AGGRESSIVE;
				GCC_WARN_UNUSED_FUNCTION = YES;
				GCC_WARN_UNUSED_VARIABLE = YES;
				IPHONEOS_DEPLOYMENT_TARGET = 9.3;
				MTL_ENABLE_DEBUG_INFO = NO;
				SDKROOT = iphoneos;
				SWIFT_OPTIMIZATION_LEVEL = "-Owholemodule";
				TARGETED_DEVICE_FAMILY = "1,2";
				VALIDATE_PRODUCT = YES;
			};
			name = Release;
		};
		CE7677511F615BAD008BC3CC /* Debug */ = {
			isa = XCBuildConfiguration;
			buildSettings = {
				ASSETCATALOG_COMPILER_APPICON_NAME = AppIcon;
				DEVELOPMENT_TEAM = 37TMES8PKP;
				ENABLE_BITCODE = NO;
				FRAMEWORK_SEARCH_PATHS = "$(SRCROOT)/../../../Frameworks/ffmpeg/applestore";
				HEADER_SEARCH_PATHS = "$(SRCROOT)/../../lib/include";
				INFOPLIST_FILE = MediaPlayerSDKTest.swift/Info.plist;
				LD_RUNPATH_SEARCH_PATHS = "$(inherited) @executable_path/Frameworks";
				LIBRARY_SEARCH_PATHS = "$(SRCROOT)/../../lib/shared.ffmpeg";
				PRODUCT_BUNDLE_IDENTIFIER = "com.veg.MediaPlayerSDKTest-swift";
				PRODUCT_NAME = "$(TARGET_NAME)";
				SWIFT_OBJC_BRIDGING_HEADER = "Bridge-header.h";
				SWIFT_VERSION = 5.0;
			};
			name = Debug;
		};
		CE7677521F615BAD008BC3CC /* Release */ = {
			isa = XCBuildConfiguration;
			buildSettings = {
				ASSETCATALOG_COMPILER_APPICON_NAME = AppIcon;
				DEVELOPMENT_TEAM = 37TMES8PKP;
				ENABLE_BITCODE = NO;
				FRAMEWORK_SEARCH_PATHS = "$(SRCROOT)/../../../Frameworks/ffmpeg/applestore";
				HEADER_SEARCH_PATHS = "$(SRCROOT)/../../lib/include";
				INFOPLIST_FILE = MediaPlayerSDKTest.swift/Info.plist;
				LD_RUNPATH_SEARCH_PATHS = "$(inherited) @executable_path/Frameworks";
				LIBRARY_SEARCH_PATHS = "$(SRCROOT)/../../lib/shared.ffmpeg";
				PRODUCT_BUNDLE_IDENTIFIER = "com.veg.MediaPlayerSDKTest-swift";
				PRODUCT_NAME = "$(TARGET_NAME)";
				SWIFT_OBJC_BRIDGING_HEADER = "Bridge-header.h";
				SWIFT_VERSION = 5.0;
			};
			name = Release;
		};
/* End XCBuildConfiguration section */

/* Begin XCConfigurationList section */
		CE7677361F615BAC008BC3CC /* Build configuration list for PBXProject "MediaPlayerSDKTest.swift" */ = {
			isa = XCConfigurationList;
			buildConfigurations = (
				CE76774E1F615BAD008BC3CC /* Debug */,
				CE76774F1F615BAD008BC3CC /* Release */,
			);
			defaultConfigurationIsVisible = 0;
			defaultConfigurationName = Release;
		};
		CE7677501F615BAD008BC3CC /* Build configuration list for PBXNativeTarget "MediaPlayerSDKTest.swift" */ = {
			isa = XCConfigurationList;
			buildConfigurations = (
				CE7677511F615BAD008BC3CC /* Debug */,
				CE7677521F615BAD008BC3CC /* Release */,
			);
			defaultConfigurationIsVisible = 0;
			defaultConfigurationName = Release;
		};
/* End XCConfigurationList section */

/* Begin XCVersionGroup section */
		CE7677451F615BAD008BC3CC /* MediaPlayerSDKTest_swift.xcdatamodeld */ = {
			isa = XCVersionGroup;
			children = (
				CE7677461F615BAD008BC3CC /* MediaPlayerSDKTest_swift.xcdatamodel */,
			);
			currentVersion = CE7677461F615BAD008BC3CC /* MediaPlayerSDKTest_swift.xcdatamodel */;
			path = MediaPlayerSDKTest_swift.xcdatamodeld;
			sourceTree = "<group>";
			versionGroupType = wrapper.xcdatamodel;
		};
/* End XCVersionGroup section */
	};
	rootObject = CE7677331F615BAC008BC3CC /* Project object */;
}
