// !$*UTF8*$!
{
	archiveVersion = 1;
	classes = {
	};
	objectVersion = 50;
	objects = {

/* Begin PBXBuildFile section */
		505011E9274BEE3A00C4AF52 /* libMediaCaptureSDK.a in Frameworks */ = {isa = PBXBuildFile; fileRef = 505011E8274BEE3A00C4AF52 /* libMediaCaptureSDK.a */; };
		505011EB274BEE4A00C4AF52 /* libMediaPlayerSDK.a in Frameworks */ = {isa = PBXBuildFile; fileRef = 505011EA274BEE4A00C4AF52 /* libMediaPlayerSDK.a */; };
		505011EE274BEE5E00C4AF52 /* openssl.framework in Frameworks */ = {isa = PBXBuildFile; fileRef = 505011EC274BEE5E00C4AF52 /* openssl.framework */; };
		505011EF274BEE5E00C4AF52 /* ffmpeg.framework in Frameworks */ = {isa = PBXBuildFile; fileRef = 505011ED274BEE5E00C4AF52 /* ffmpeg.framework */; };
		505011F0274BEE6400C4AF52 /* ffmpeg.framework in Embed Frameworks */ = {isa = PBXBuildFile; fileRef = 505011ED274BEE5E00C4AF52 /* ffmpeg.framework */; settings = {ATTRIBUTES = (CodeSignOnCopy, RemoveHeadersOnCopy, ); }; };
		505011F1274BEE6400C4AF52 /* openssl.framework in Embed Frameworks */ = {isa = PBXBuildFile; fileRef = 505011EC274BEE5E00C4AF52 /* openssl.framework */; settings = {ATTRIBUTES = (CodeSignOnCopy, RemoveHeadersOnCopy, ); }; };
		CE28E3A12183379C0029EAE5 /* AppDelegate.m in Sources */ = {isa = PBXBuildFile; fileRef = CE28E3A02183379C0029EAE5 /* AppDelegate.m */; };
		CE28E3A42183379C0029EAE5 /* ViewController.m in Sources */ = {isa = PBXBuildFile; fileRef = CE28E3A32183379C0029EAE5 /* ViewController.m */; };
		CE28E3A72183379C0029EAE5 /* Main.storyboard in Resources */ = {isa = PBXBuildFile; fileRef = CE28E3A52183379C0029EAE5 /* Main.storyboard */; };
		CE28E3A92183379E0029EAE5 /* Assets.xcassets in Resources */ = {isa = PBXBuildFile; fileRef = CE28E3A82183379E0029EAE5 /* Assets.xcassets */; };
		CE28E3AC2183379E0029EAE5 /* LaunchScreen.storyboard in Resources */ = {isa = PBXBuildFile; fileRef = CE28E3AA2183379E0029EAE5 /* LaunchScreen.storyboard */; };
		CE28E3AF2183379E0029EAE5 /* main.m in Sources */ = {isa = PBXBuildFile; fileRef = CE28E3AE2183379E0029EAE5 /* main.m */; };
		CE28E3C621833C6A0029EAE5 /* libc++.tbd in Frameworks */ = {isa = PBXBuildFile; fileRef = CE28E3C521833C6A0029EAE5 /* libc++.tbd */; };
/* End PBXBuildFile section */

/* Begin PBXCopyFilesBuildPhase section */
		CE28E3C42183392A0029EAE5 /* Embed Frameworks */ = {
			isa = PBXCopyFilesBuildPhase;
			buildActionMask = 2147483647;
			dstPath = "";
			dstSubfolderSpec = 10;
			files = (
				505011F0274BEE6400C4AF52 /* ffmpeg.framework in Embed Frameworks */,
				505011F1274BEE6400C4AF52 /* openssl.framework in Embed Frameworks */,
			);
			name = "Embed Frameworks";
			runOnlyForDeploymentPostprocessing = 0;
		};
/* End PBXCopyFilesBuildPhase section */

/* Begin PBXFileReference section */
		505011E8274BEE3A00C4AF52 /* libMediaCaptureSDK.a */ = {isa = PBXFileReference; lastKnownFileType = archive.ar; name = libMediaCaptureSDK.a; path = ../../dependencies/libraries/libMediaCaptureSDK.a; sourceTree = "<group>"; };
		505011EA274BEE4A00C4AF52 /* libMediaPlayerSDK.a */ = {isa = PBXFileReference; lastKnownFileType = archive.ar; name = libMediaPlayerSDK.a; path = ../../../PlayerSDK/dependencies/libraries/libMediaPlayerSDK.a; sourceTree = "<group>"; };
		505011EC274BEE5E00C4AF52 /* openssl.framework */ = {isa = PBXFileReference; lastKnownFileType = wrapper.framework; name = openssl.framework; path = ../../../../Dependencies/frameworks/universal/openssl.framework; sourceTree = "<group>"; };
		505011ED274BEE5E00C4AF52 /* ffmpeg.framework */ = {isa = PBXFileReference; lastKnownFileType = wrapper.framework; name = ffmpeg.framework; path = ../../../../Dependencies/frameworks/universal/ffmpeg.framework; sourceTree = "<group>"; };
		CE28E39C2183379B0029EAE5 /* PlayerAndRtspTransfer.app */ = {isa = PBXFileReference; explicitFileType = wrapper.application; includeInIndex = 0; path = PlayerAndRtspTransfer.app; sourceTree = BUILT_PRODUCTS_DIR; };
		CE28E39F2183379C0029EAE5 /* AppDelegate.h */ = {isa = PBXFileReference; lastKnownFileType = sourcecode.c.h; path = AppDelegate.h; sourceTree = "<group>"; };
		CE28E3A02183379C0029EAE5 /* AppDelegate.m */ = {isa = PBXFileReference; lastKnownFileType = sourcecode.c.objc; path = AppDelegate.m; sourceTree = "<group>"; };
		CE28E3A22183379C0029EAE5 /* ViewController.h */ = {isa = PBXFileReference; lastKnownFileType = sourcecode.c.h; path = ViewController.h; sourceTree = "<group>"; };
		CE28E3A32183379C0029EAE5 /* ViewController.m */ = {isa = PBXFileReference; lastKnownFileType = sourcecode.c.objc; path = ViewController.m; sourceTree = "<group>"; };
		CE28E3A62183379C0029EAE5 /* Base */ = {isa = PBXFileReference; lastKnownFileType = file.storyboard; name = Base; path = Base.lproj/Main.storyboard; sourceTree = "<group>"; };
		CE28E3A82183379E0029EAE5 /* Assets.xcassets */ = {isa = PBXFileReference; lastKnownFileType = folder.assetcatalog; path = Assets.xcassets; sourceTree = "<group>"; };
		CE28E3AB2183379E0029EAE5 /* Base */ = {isa = PBXFileReference; lastKnownFileType = file.storyboard; name = Base; path = Base.lproj/LaunchScreen.storyboard; sourceTree = "<group>"; };
		CE28E3AD2183379E0029EAE5 /* Info.plist */ = {isa = PBXFileReference; lastKnownFileType = text.plist.xml; path = Info.plist; sourceTree = "<group>"; };
		CE28E3AE2183379E0029EAE5 /* main.m */ = {isa = PBXFileReference; lastKnownFileType = sourcecode.c.objc; path = main.m; sourceTree = "<group>"; };
		CE28E3C521833C6A0029EAE5 /* libc++.tbd */ = {isa = PBXFileReference; lastKnownFileType = "sourcecode.text-based-dylib-definition"; name = "libc++.tbd"; path = "usr/lib/libc++.tbd"; sourceTree = SDKROOT; };
/* End PBXFileReference section */

/* Begin PBXFrameworksBuildPhase section */
		CE28E3992183379B0029EAE5 /* Frameworks */ = {
			isa = PBXFrameworksBuildPhase;
			buildActionMask = 2147483647;
			files = (
				505011EE274BEE5E00C4AF52 /* openssl.framework in Frameworks */,
				505011EF274BEE5E00C4AF52 /* ffmpeg.framework in Frameworks */,
				505011EB274BEE4A00C4AF52 /* libMediaPlayerSDK.a in Frameworks */,
				505011E9274BEE3A00C4AF52 /* libMediaCaptureSDK.a in Frameworks */,
				CE28E3C621833C6A0029EAE5 /* libc++.tbd in Frameworks */,
			);
			runOnlyForDeploymentPostprocessing = 0;
		};
/* End PBXFrameworksBuildPhase section */

/* Begin PBXGroup section */
		CE28E3932183379B0029EAE5 = {
			isa = PBXGroup;
			children = (
				CE28E39E2183379B0029EAE5 /* PlayerAndRtspTransfer */,
				CE28E39D2183379B0029EAE5 /* Products */,
				CE28E3B5218337B70029EAE5 /* Frameworks */,
			);
			sourceTree = "<group>";
		};
		CE28E39D2183379B0029EAE5 /* Products */ = {
			isa = PBXGroup;
			children = (
				CE28E39C2183379B0029EAE5 /* PlayerAndRtspTransfer.app */,
			);
			name = Products;
			sourceTree = "<group>";
		};
		CE28E39E2183379B0029EAE5 /* PlayerAndRtspTransfer */ = {
			isa = PBXGroup;
			children = (
				CE28E39F2183379C0029EAE5 /* AppDelegate.h */,
				CE28E3A02183379C0029EAE5 /* AppDelegate.m */,
				CE28E3A22183379C0029EAE5 /* ViewController.h */,
				CE28E3A32183379C0029EAE5 /* ViewController.m */,
				CE28E3A52183379C0029EAE5 /* Main.storyboard */,
				CE28E3A82183379E0029EAE5 /* Assets.xcassets */,
				CE28E3AA2183379E0029EAE5 /* LaunchScreen.storyboard */,
				CE28E3AD2183379E0029EAE5 /* Info.plist */,
				CE28E3AE2183379E0029EAE5 /* main.m */,
			);
			path = PlayerAndRtspTransfer;
			sourceTree = "<group>";
		};
		CE28E3B5218337B70029EAE5 /* Frameworks */ = {
			isa = PBXGroup;
			children = (
				505011ED274BEE5E00C4AF52 /* ffmpeg.framework */,
				505011EC274BEE5E00C4AF52 /* openssl.framework */,
				505011EA274BEE4A00C4AF52 /* libMediaPlayerSDK.a */,
				505011E8274BEE3A00C4AF52 /* libMediaCaptureSDK.a */,
				CE28E3C521833C6A0029EAE5 /* libc++.tbd */,
			);
			name = Frameworks;
			sourceTree = "<group>";
		};
/* End PBXGroup section */

/* Begin PBXNativeTarget section */
		CE28E39B2183379B0029EAE5 /* PlayerAndRtspTransfer */ = {
			isa = PBXNativeTarget;
			buildConfigurationList = CE28E3B22183379E0029EAE5 /* Build configuration list for PBXNativeTarget "PlayerAndRtspTransfer" */;
			buildPhases = (
				CE28E3982183379B0029EAE5 /* Sources */,
				CE28E3992183379B0029EAE5 /* Frameworks */,
				CE28E39A2183379B0029EAE5 /* Resources */,
				CE28E3C42183392A0029EAE5 /* Embed Frameworks */,
			);
			buildRules = (
			);
			dependencies = (
			);
			name = PlayerAndRtspTransfer;
			productName = PlayerAndRtspTransfer;
			productReference = CE28E39C2183379B0029EAE5 /* PlayerAndRtspTransfer.app */;
			productType = "com.apple.product-type.application";
		};
/* End PBXNativeTarget section */

/* Begin PBXProject section */
		CE28E3942183379B0029EAE5 /* Project object */ = {
			isa = PBXProject;
			attributes = {
				LastUpgradeCheck = 1000;
				ORGANIZATIONNAME = "VXG Inc.";
				TargetAttributes = {
					CE28E39B2183379B0029EAE5 = {
						CreatedOnToolsVersion = 10.0;
					};
				};
			};
			buildConfigurationList = CE28E3972183379B0029EAE5 /* Build configuration list for PBXProject "PlayerAndRtspTransfer" */;
			compatibilityVersion = "Xcode 9.3";
			developmentRegion = en;
			hasScannedForEncodings = 0;
			knownRegions = (
				en,
				Base,
			);
			mainGroup = CE28E3932183379B0029EAE5;
			productRefGroup = CE28E39D2183379B0029EAE5 /* Products */;
			projectDirPath = "";
			projectRoot = "";
			targets = (
				CE28E39B2183379B0029EAE5 /* PlayerAndRtspTransfer */,
			);
		};
/* End PBXProject section */

/* Begin PBXResourcesBuildPhase section */
		CE28E39A2183379B0029EAE5 /* Resources */ = {
			isa = PBXResourcesBuildPhase;
			buildActionMask = 2147483647;
			files = (
				CE28E3AC2183379E0029EAE5 /* LaunchScreen.storyboard in Resources */,
				CE28E3A92183379E0029EAE5 /* Assets.xcassets in Resources */,
				CE28E3A72183379C0029EAE5 /* Main.storyboard in Resources */,
			);
			runOnlyForDeploymentPostprocessing = 0;
		};
/* End PBXResourcesBuildPhase section */

/* Begin PBXSourcesBuildPhase section */
		CE28E3982183379B0029EAE5 /* Sources */ = {
			isa = PBXSourcesBuildPhase;
			buildActionMask = 2147483647;
			files = (
				CE28E3A42183379C0029EAE5 /* ViewController.m in Sources */,
				CE28E3AF2183379E0029EAE5 /* main.m in Sources */,
				CE28E3A12183379C0029EAE5 /* AppDelegate.m in Sources */,
			);
			runOnlyForDeploymentPostprocessing = 0;
		};
/* End PBXSourcesBuildPhase section */

/* Begin PBXVariantGroup section */
		CE28E3A52183379C0029EAE5 /* Main.storyboard */ = {
			isa = PBXVariantGroup;
			children = (
				CE28E3A62183379C0029EAE5 /* Base */,
			);
			name = Main.storyboard;
			sourceTree = "<group>";
		};
		CE28E3AA2183379E0029EAE5 /* LaunchScreen.storyboard */ = {
			isa = PBXVariantGroup;
			children = (
				CE28E3AB2183379E0029EAE5 /* Base */,
			);
			name = LaunchScreen.storyboard;
			sourceTree = "<group>";
		};
/* End PBXVariantGroup section */

/* Begin XCBuildConfiguration section */
		CE28E3B02183379E0029EAE5 /* Debug */ = {
			isa = XCBuildConfiguration;
			buildSettings = {
				ALWAYS_SEARCH_USER_PATHS = NO;
				CLANG_ANALYZER_NONNULL = YES;
				CLANG_ANALYZER_NUMBER_OBJECT_CONVERSION = YES_AGGRESSIVE;
				CLANG_CXX_LANGUAGE_STANDARD = "gnu++14";
				CLANG_CXX_LIBRARY = "libc++";
				CLANG_ENABLE_MODULES = YES;
				CLANG_ENABLE_OBJC_ARC = YES;
				CLANG_ENABLE_OBJC_WEAK = YES;
				CLANG_WARN_BLOCK_CAPTURE_AUTORELEASING = YES;
				CLANG_WARN_BOOL_CONVERSION = YES;
				CLANG_WARN_COMMA = YES;
				CLANG_WARN_CONSTANT_CONVERSION = YES;
				CLANG_WARN_DEPRECATED_OBJC_IMPLEMENTATIONS = YES;
				CLANG_WARN_DIRECT_OBJC_ISA_USAGE = YES_ERROR;
				CLANG_WARN_DOCUMENTATION_COMMENTS = YES;
				CLANG_WARN_EMPTY_BODY = YES;
				CLANG_WARN_ENUM_CONVERSION = YES;
				CLANG_WARN_INFINITE_RECURSION = YES;
				CLANG_WARN_INT_CONVERSION = YES;
				CLANG_WARN_NON_LITERAL_NULL_CONVERSION = YES;
				CLANG_WARN_OBJC_IMPLICIT_RETAIN_SELF = YES;
				CLANG_WARN_OBJC_LITERAL_CONVERSION = YES;
				CLANG_WARN_OBJC_ROOT_CLASS = YES_ERROR;
				CLANG_WARN_RANGE_LOOP_ANALYSIS = YES;
				CLANG_WARN_STRICT_PROTOTYPES = YES;
				CLANG_WARN_SUSPICIOUS_MOVE = YES;
				CLANG_WARN_UNGUARDED_AVAILABILITY = YES_AGGRESSIVE;
				CLANG_WARN_UNREACHABLE_CODE = YES;
				CLANG_WARN__DUPLICATE_METHOD_MATCH = YES;
				CODE_SIGN_IDENTITY = "iPhone Developer";
				COPY_PHASE_STRIP = NO;
				DEBUG_INFORMATION_FORMAT = dwarf;
				ENABLE_STRICT_OBJC_MSGSEND = YES;
				ENABLE_TESTABILITY = YES;
				GCC_C_LANGUAGE_STANDARD = gnu11;
				GCC_DYNAMIC_NO_PIC = NO;
				GCC_NO_COMMON_BLOCKS = YES;
				GCC_OPTIMIZATION_LEVEL = 0;
				GCC_PREPROCESSOR_DEFINITIONS = (
					"DEBUG=1",
					"$(inherited)",
				);
				GCC_WARN_64_TO_32_BIT_CONVERSION = YES;
				GCC_WARN_ABOUT_RETURN_TYPE = YES_ERROR;
				GCC_WARN_UNDECLARED_SELECTOR = YES;
				GCC_WARN_UNINITIALIZED_AUTOS = YES_AGGRESSIVE;
				GCC_WARN_UNUSED_FUNCTION = YES;
				GCC_WARN_UNUSED_VARIABLE = YES;
				IPHONEOS_DEPLOYMENT_TARGET = 12.0;
				MTL_ENABLE_DEBUG_INFO = INCLUDE_SOURCE;
				MTL_FAST_MATH = YES;
				ONLY_ACTIVE_ARCH = YES;
				SDKROOT = iphoneos;
			};
			name = Debug;
		};
		CE28E3B12183379E0029EAE5 /* Release */ = {
			isa = XCBuildConfiguration;
			buildSettings = {
				ALWAYS_SEARCH_USER_PATHS = NO;
				CLANG_ANALYZER_NONNULL = YES;
				CLANG_ANALYZER_NUMBER_OBJECT_CONVERSION = YES_AGGRESSIVE;
				CLANG_CXX_LANGUAGE_STANDARD = "gnu++14";
				CLANG_CXX_LIBRARY = "libc++";
				CLANG_ENABLE_MODULES = YES;
				CLANG_ENABLE_OBJC_ARC = YES;
				CLANG_ENABLE_OBJC_WEAK = YES;
				CLANG_WARN_BLOCK_CAPTURE_AUTORELEASING = YES;
				CLANG_WARN_BOOL_CONVERSION = YES;
				CLANG_WARN_COMMA = YES;
				CLANG_WARN_CONSTANT_CONVERSION = YES;
				CLANG_WARN_DEPRECATED_OBJC_IMPLEMENTATIONS = YES;
				CLANG_WARN_DIRECT_OBJC_ISA_USAGE = YES_ERROR;
				CLANG_WARN_DOCUMENTATION_COMMENTS = YES;
				CLANG_WARN_EMPTY_BODY = YES;
				CLANG_WARN_ENUM_CONVERSION = YES;
				CLANG_WARN_INFINITE_RECURSION = YES;
				CLANG_WARN_INT_CONVERSION = YES;
				CLANG_WARN_NON_LITERAL_NULL_CONVERSION = YES;
				CLANG_WARN_OBJC_IMPLICIT_RETAIN_SELF = YES;
				CLANG_WARN_OBJC_LITERAL_CONVERSION = YES;
				CLANG_WARN_OBJC_ROOT_CLASS = YES_ERROR;
				CLANG_WARN_RANGE_LOOP_ANALYSIS = YES;
				CLANG_WARN_STRICT_PROTOTYPES = YES;
				CLANG_WARN_SUSPICIOUS_MOVE = YES;
				CLANG_WARN_UNGUARDED_AVAILABILITY = YES_AGGRESSIVE;
				CLANG_WARN_UNREACHABLE_CODE = YES;
				CLANG_WARN__DUPLICATE_METHOD_MATCH = YES;
				CODE_SIGN_IDENTITY = "iPhone Developer";
				COPY_PHASE_STRIP = NO;
				DEBUG_INFORMATION_FORMAT = "dwarf-with-dsym";
				ENABLE_NS_ASSERTIONS = NO;
				ENABLE_STRICT_OBJC_MSGSEND = YES;
				GCC_C_LANGUAGE_STANDARD = gnu11;
				GCC_NO_COMMON_BLOCKS = YES;
				GCC_WARN_64_TO_32_BIT_CONVERSION = YES;
				GCC_WARN_ABOUT_RETURN_TYPE = YES_ERROR;
				GCC_WARN_UNDECLARED_SELECTOR = YES;
				GCC_WARN_UNINITIALIZED_AUTOS = YES_AGGRESSIVE;
				GCC_WARN_UNUSED_FUNCTION = YES;
				GCC_WARN_UNUSED_VARIABLE = YES;
				IPHONEOS_DEPLOYMENT_TARGET = 12.0;
				MTL_ENABLE_DEBUG_INFO = NO;
				MTL_FAST_MATH = YES;
				SDKROOT = iphoneos;
				VALIDATE_PRODUCT = YES;
			};
			name = Release;
		};
		CE28E3B32183379E0029EAE5 /* Debug */ = {
			isa = XCBuildConfiguration;
			buildSettings = {
				ASSETCATALOG_COMPILER_APPICON_NAME = AppIcon;
				CODE_SIGN_STYLE = Automatic;
				DEVELOPMENT_TEAM = 37TMES8PKP;
				ENABLE_BITCODE = NO;
				FRAMEWORK_SEARCH_PATHS = "$(PROJECT_DIR)/../../../../Dependencies/frameworks/universal";
				HEADER_SEARCH_PATHS = (
					"$(PROJECT_DIR)/../../dependencies/libraries/include",
					"$(PROJECT_DIR)/../../../PlayerSDK/dependencies/libraries/include",
				);
				INFOPLIST_FILE = PlayerAndRtspTransfer/Info.plist;
				IPHONEOS_DEPLOYMENT_TARGET = 10.0;
				LD_RUNPATH_SEARCH_PATHS = (
					"$(inherited)",
					"@executable_path/Frameworks",
				);
				LIBRARY_SEARCH_PATHS = (
					"$(PROJECT_DIR)/../../dependencies/libraries",
					"$(PROJECT_DIR)/../../../PlayerSDK/dependencies/libraries",
				);
				OTHER_CODE_SIGN_FLAGS = "--generate-entitlement-der";
				PRODUCT_BUNDLE_IDENTIFIER = com.vxg.PlayerAndRtspTransfer;
				PRODUCT_NAME = "$(TARGET_NAME)";
				TARGETED_DEVICE_FAMILY = "1,2";
				VALIDATE_WORKSPACE = YES;
			};
			name = Debug;
		};
		CE28E3B42183379E0029EAE5 /* Release */ = {
			isa = XCBuildConfiguration;
			buildSettings = {
				ASSETCATALOG_COMPILER_APPICON_NAME = AppIcon;
				CODE_SIGN_STYLE = Automatic;
				DEVELOPMENT_TEAM = 37TMES8PKP;
				ENABLE_BITCODE = NO;
				FRAMEWORK_SEARCH_PATHS = "$(PROJECT_DIR)/../../../../Dependencies/frameworks/universal";
				HEADER_SEARCH_PATHS = (
					"$(PROJECT_DIR)/../../dependencies/libraries/include",
					"$(PROJECT_DIR)/../../../PlayerSDK/dependencies/libraries/include",
				);
				INFOPLIST_FILE = PlayerAndRtspTransfer/Info.plist;
				IPHONEOS_DEPLOYMENT_TARGET = 10.0;
				LD_RUNPATH_SEARCH_PATHS = (
					"$(inherited)",
					"@executable_path/Frameworks",
				);
				LIBRARY_SEARCH_PATHS = (
					"$(PROJECT_DIR)/../../dependencies/libraries",
					"$(PROJECT_DIR)/../../../PlayerSDK/dependencies/libraries",
				);
				OTHER_CODE_SIGN_FLAGS = "--generate-entitlement-der";
				PRODUCT_BUNDLE_IDENTIFIER = com.vxg.PlayerAndRtspTransfer;
				PRODUCT_NAME = "$(TARGET_NAME)";
				TARGETED_DEVICE_FAMILY = "1,2";
				VALIDATE_WORKSPACE = YES;
			};
			name = Release;
		};
/* End XCBuildConfiguration section */

/* Begin XCConfigurationList section */
		CE28E3972183379B0029EAE5 /* Build configuration list for PBXProject "PlayerAndRtspTransfer" */ = {
			isa = XCConfigurationList;
			buildConfigurations = (
				CE28E3B02183379E0029EAE5 /* Debug */,
				CE28E3B12183379E0029EAE5 /* Release */,
			);
			defaultConfigurationIsVisible = 0;
			defaultConfigurationName = Release;
		};
		CE28E3B22183379E0029EAE5 /* Build configuration list for PBXNativeTarget "PlayerAndRtspTransfer" */ = {
			isa = XCConfigurationList;
			buildConfigurations = (
				CE28E3B32183379E0029EAE5 /* Debug */,
				CE28E3B42183379E0029EAE5 /* Release */,
			);
			defaultConfigurationIsVisible = 0;
			defaultConfigurationName = Release;
		};
/* End XCConfigurationList section */
	};
	rootObject = CE28E3942183379B0029EAE5 /* Project object */;
}
